
Microsoft Visual Studio Solution File, Format Version 12.00
# Visual Studio Version 16
VisualStudioVersion = 16.0.29215.179
MinimumVisualStudioVersion = 10.0.40219.1
Project("{FAE04EC0-301F-11D3-BF4B-00C04F79EFBC}") = "XFFirebaseAuth.Android", "XFFirebaseAuth\XFFirebaseAuth.Android\XFFirebaseAuth.Android.csproj", "{0900AA2B-9E58-4110-A57B-8122C95997AB}"
EndProject
Project("{FAE04EC0-301F-11D3-BF4B-00C04F79EFBC}") = "XFFirebaseAuth.iOS", "XFFirebaseAuth\XFFirebaseAuth.iOS\XFFirebaseAuth.iOS.csproj", "{A0ED8A67-6AF8-4B01-9D7C-950FD769296A}"
EndProject
Project("{FAE04EC0-301F-11D3-BF4B-00C04F79EFBC}") = "XFFirebaseAuth", "XFFirebaseAuth\XFFirebaseAuth\XFFirebaseAuth.csproj", "{CCF98E6E-5428-4730-9E8F-839E843FB344}"
EndProject
Global
	GlobalSection(SolutionConfigurationPlatforms) = preSolution
		Debug|Any CPU = Debug|Any CPU
		Debug|iPhone = Debug|iPhone
		Debug|iPhoneSimulator = Debug|iPhoneSimulator
		Release|Any CPU = Release|Any CPU
		Release|iPhone = Release|iPhone
		Release|iPhoneSimulator = Release|iPhoneSimulator
	EndGlobalSection
	GlobalSection(ProjectConfigurationPlatforms) = postSolution
		{0900AA2B-9E58-4110-A57B-8122C95997AB}.Debug|Any CPU.ActiveCfg = Debug|Any CPU
		{0900AA2B-9E58-4110-A57B-8122C95997AB}.Debug|Any CPU.Build.0 = Debug|Any CPU
		{0900AA2B-9E58-4110-A57B-8122C95997AB}.Debug|Any CPU.Deploy.0 = Debug|Any CPU
		{0900AA2B-9E58-4110-A57B-8122C95997AB}.Debug|iPhone.ActiveCfg = Debug|Any CPU
		{0900AA2B-9E58-4110-A57B-8122C95997AB}.Debug|iPhone.Build.0 = Debug|Any CPU
		{0900AA2B-9E58-4110-A57B-8122C95997AB}.Debug|iPhone.Deploy.0 = Debug|Any CPU
		{0900AA2B-9E58-4110-A57B-8122C95997AB}.Debug|iPhoneSimulator.ActiveCfg = Debug|Any CPU
		{0900AA2B-9E58-4110-A57B-8122C95997AB}.Debug|iPhoneSimulator.Build.0 = Debug|Any CPU
		{0900AA2B-9E58-4110-A57B-8122C95997AB}.Debug|iPhoneSimulator.Deploy.0 = Debug|Any CPU
		{0900AA2B-9E58-4110-A57B-8122C95997AB}.Release|Any CPU.ActiveCfg = Release|Any CPU
		{0900AA2B-9E58-4110-A57B-8122C95997AB}.Release|Any CPU.Build.0 = Release|Any CPU
		{0900AA2B-9E58-4110-A57B-8122C95997AB}.Release|Any CPU.Deploy.0 = Release|Any CPU
		{0900AA2B-9E58-4110-A57B-8122C95997AB}.Release|iPhone.ActiveCfg = Release|Any CPU
		{0900AA2B-9E58-4110-A57B-8122C95997AB}.Release|iPhone.Build.0 = Release|Any CPU
		{0900AA2B-9E58-4110-A57B-8122C95997AB}.Release|iPhone.Deploy.0 = Release|Any CPU
		{0900AA2B-9E58-4110-A57B-8122C95997AB}.Release|iPhoneSimulator.ActiveCfg = Release|Any CPU
		{0900AA2B-9E58-4110-A57B-8122C95997AB}.Release|iPhoneSimulator.Build.0 = Release|Any CPU
		{0900AA2B-9E58-4110-A57B-8122C95997AB}.Release|iPhoneSimulator.Deploy.0 = Release|Any CPU
		{A0ED8A67-6AF8-4B01-9D7C-950FD769296A}.Debug|Any CPU.ActiveCfg = Debug|iPhoneSimulator
		{A0ED8A67-6AF8-4B01-9D7C-950FD769296A}.Debug|Any CPU.Build.0 = Debug|iPhoneSimulator
		{A0ED8A67-6AF8-4B01-9D7C-950FD769296A}.Debug|Any CPU.Deploy.0 = Debug|iPhoneSimulator
		{A0ED8A67-6AF8-4B01-9D7C-950FD769296A}.Debug|iPhone.ActiveCfg = Debug|iPhone
		{A0ED8A67-6AF8-4B01-9D7C-950FD769296A}.Debug|iPhone.Build.0 = Debug|iPhone
		{A0ED8A67-6AF8-4B01-9D7C-950FD769296A}.Debug|iPhone.Deploy.0 = Debug|iPhone
		{A0ED8A67-6AF8-4B01-9D7C-950FD769296A}.Debug|iPhoneSimulator.ActiveCfg = Debug|iPhoneSimulator
		{A0ED8A67-6AF8-4B01-9D7C-950FD769296A}.Debug|iPhoneSimulator.Build.0 = Debug|iPhoneSimulator
		{A0ED8A67-6AF8-4B01-9D7C-950FD769296A}.Debug|iPhoneSimulator.Deploy.0 = Debug|iPhoneSimulator
		{A0ED8A67-6AF8-4B01-9D7C-950FD769296A}.Release|Any CPU.ActiveCfg = Release|iPhone
		{A0ED8A67-6AF8-4B01-9D7C-950FD769296A}.Release|Any CPU.Build.0 = Release|iPhone
		{A0ED8A67-6AF8-4B01-9D7C-950FD769296A}.Release|Any CPU.Deploy.0 = Release|iPhone
		{A0ED8A67-6AF8-4B01-9D7C-950FD769296A}.Release|iPhone.ActiveCfg = Release|iPhone
		{A0ED8A67-6AF8-4B01-9D7C-950FD769296A}.Release|iPhone.Build.0 = Release|iPhone
		{A0ED8A67-6AF8-4B01-9D7C-950FD769296A}.Release|iPhone.Deploy.0 = Release|iPhone
		{A0ED8A67-6AF8-4B01-9D7C-950FD769296A}.Release|iPhoneSimulator.ActiveCfg = Release|iPhoneSimulator
		{A0ED8A67-6AF8-4B01-9D7C-950FD769296A}.Release|iPhoneSimulator.Build.0 = Release|iPhoneSimulator
		{A0ED8A67-6AF8-4B01-9D7C-950FD769296A}.Release|iPhoneSimulator.Deploy.0 = Release|iPhoneSimulator
		{CCF98E6E-5428-4730-9E8F-839E843FB344}.Debug|Any CPU.ActiveCfg = Debug|Any CPU
		{CCF98E6E-5428-4730-9E8F-839E843FB344}.Debug|Any CPU.Build.0 = Debug|Any CPU
		{CCF98E6E-5428-4730-9E8F-839E843FB344}.Debug|Any CPU.Deploy.0 = Debug|Any CPU
		{CCF98E6E-5428-4730-9E8F-839E843FB344}.Debug|iPhone.ActiveCfg = Debug|Any CPU
		{CCF98E6E-5428-4730-9E8F-839E843FB344}.Debug|iPhone.Build.0 = Debug|Any CPU
		{CCF98E6E-5428-4730-9E8F-839E843FB344}.Debug|iPhone.Deploy.0 = Debug|Any CPU
		{CCF98E6E-5428-4730-9E8F-839E843FB344}.Debug|iPhoneSimulator.ActiveCfg = Debug|Any CPU
		{CCF98E6E-5428-4730-9E8F-839E843FB344}.Debug|iPhoneSimulator.Build.0 = Debug|Any CPU
		{CCF98E6E-5428-4730-9E8F-839E843FB344}.Debug|iPhoneSimulator.Deploy.0 = Debug|Any CPU
		{CCF98E6E-5428-4730-9E8F-839E843FB344}.Release|Any CPU.ActiveCfg = Release|Any CPU
		{CCF98E6E-5428-4730-9E8F-839E843FB344}.Release|Any CPU.Build.0 = Release|Any CPU
		{CCF98E6E-5428-4730-9E8F-839E843FB344}.Release|Any CPU.Deploy.0 = Release|Any CPU
		{CCF98E6E-5428-4730-9E8F-839E843FB344}.Release|iPhone.ActiveCfg = Release|Any CPU
		{CCF98E6E-5428-4730-9E8F-839E843FB344}.Release|iPhone.Build.0 = Release|Any CPU
		{CCF98E6E-5428-4730-9E8F-839E843FB344}.Release|iPhone.Deploy.0 = Release|Any CPU
		{CCF98E6E-5428-4730-9E8F-839E843FB344}.Release|iPhoneSimulator.ActiveCfg = Release|Any CPU
		{CCF98E6E-5428-4730-9E8F-839E843FB344}.Release|iPhoneSimulator.Build.0 = Release|Any CPU
		{CCF98E6E-5428-4730-9E8F-839E843FB344}.Release|iPhoneSimulator.Deploy.0 = Release|Any CPU
	EndGlobalSection
	GlobalSection(SolutionProperties) = preSolution
		HideSolutionNode = FALSE
	EndGlobalSection
	GlobalSection(ExtensibilityGlobals) = postSolution
		SolutionGuid = {F216EB05-4F06-48AB-89B5-E2E38AAC9EAF}
	EndGlobalSection
EndGlobal
